
Microsoft Visual Studio Solution File, Format Version 12.00
# Visual Studio Version 16
VisualStudioVersion = 16.0.29806.167
MinimumVisualStudioVersion = 10.0.40219.1
Project("{FAE04EC0-301F-11D3-BF4B-00C04F79EFBC}") = "Pedir Nombre", "Pedir Nombre\Pedir Nombre.csproj", "{F238463F-E7BB-4EDF-BD1C-E32DA45B98AE}"
EndProject
Global
	GlobalSection(SolutionConfigurationPlatforms) = preSolution
		Debug|Any CPU = Debug|Any CPU
		Release|Any CPU = Release|Any CPU
	EndGlobalSection
	GlobalSection(ProjectConfigurationPlatforms) = postSolution
		{F238463F-E7BB-4EDF-BD1C-E32DA45B98AE}.Debug|Any CPU.ActiveCfg = Debug|Any CPU
		{F238463F-E7BB-4EDF-BD1C-E32DA45B98AE}.Debug|Any CPU.Build.0 = Debug|Any CPU
		{F238463F-E7BB-4EDF-BD1C-E32DA45B98AE}.Release|Any CPU.ActiveCfg = Release|Any CPU
		{F238463F-E7BB-4EDF-BD1C-E32DA45B98AE}.Release|Any CPU.Build.0 = Release|Any CPU
	EndGlobalSection
	GlobalSection(SolutionProperties) = preSolution
		HideSolutionNode = FALSE
	EndGlobalSection
	GlobalSection(ExtensibilityGlobals) = postSolution
		SolutionGuid = {45DF39DB-B29D-4AEB-BAC2-FC90A7C58330}
	EndGlobalSection
EndGlobal
